// !$*UTF8*$!
{
	archiveVersion = 1;
	classes = {
	};
	objectVersion = 50;
	objects = {

/* Begin PBXBuildFile section */
		911EE53723622DBD009CDBBF /* AppDelegate.swift in Sources */ = {isa = PBXBuildFile; fileRef = 911EE53623622DBD009CDBBF /* AppDelegate.swift */; };
		911EE53923622DBD009CDBBF /* SceneDelegate.swift in Sources */ = {isa = PBXBuildFile; fileRef = 911EE53823622DBD009CDBBF /* SceneDelegate.swift */; };
		911EE53B23622DBD009CDBBF /* ContentView.swift in Sources */ = {isa = PBXBuildFile; fileRef = 911EE53A23622DBD009CDBBF /* ContentView.swift */; };
		911EE53D23622DBF009CDBBF /* Assets.xcassets in Resources */ = {isa = PBXBuildFile; fileRef = 911EE53C23622DBF009CDBBF /* Assets.xcassets */; };
		911EE54023622DBF009CDBBF /* Preview Assets.xcassets in Resources */ = {isa = PBXBuildFile; fileRef = 911EE53F23622DBF009CDBBF /* Preview Assets.xcassets */; };
		911EE54323622DBF009CDBBF /* LaunchScreen.storyboard in Resources */ = {isa = PBXBuildFile; fileRef = 911EE54123622DBF009CDBBF /* LaunchScreen.storyboard */; };
		914074822365FB1C00AFF7B3 /* SleepCalculator.mlmodel in Sources */ = {isa = PBXBuildFile; fileRef = 914074812365FB1B00AFF7B3 /* SleepCalculator.mlmodel */; };
/* End PBXBuildFile section */

/* Begin PBXFileReference section */
		911EE53323622DBD009CDBBF /* Day 26-28 BetterRest.app */ = {isa = PBXFileReference; explicitFileType = wrapper.application; includeInIndex = 0; path = "Day 26-28 BetterRest.app"; sourceTree = BUILT_PRODUCTS_DIR; };
		911EE53623622DBD009CDBBF /* AppDelegate.swift */ = {isa = PBXFileReference; lastKnownFileType = sourcecode.swift; path = AppDelegate.swift; sourceTree = "<group>"; };
		911EE53823622DBD009CDBBF /* SceneDelegate.swift */ = {isa = PBXFileReference; lastKnownFileType = sourcecode.swift; path = SceneDelegate.swift; sourceTree = "<group>"; };
		911EE53A23622DBD009CDBBF /* ContentView.swift */ = {isa = PBXFileReference; lastKnownFileType = sourcecode.swift; path = ContentView.swift; sourceTree = "<group>"; };
		911EE53C23622DBF009CDBBF /* Assets.xcassets */ = {isa = PBXFileReference; lastKnownFileType = folder.assetcatalog; path = Assets.xcassets; sourceTree = "<group>"; };
		911EE53F23622DBF009CDBBF /* Preview Assets.xcassets */ = {isa = PBXFileReference; lastKnownFileType = folder.assetcatalog; path = "Preview Assets.xcassets"; sourceTree = "<group>"; };
		911EE54223622DBF009CDBBF /* Base */ = {isa = PBXFileReference; lastKnownFileType = file.storyboard; name = Base; path = Base.lproj/LaunchScreen.storyboard; sourceTree = "<group>"; };
		911EE54423622DBF009CDBBF /* Info.plist */ = {isa = PBXFileReference; lastKnownFileType = text.plist.xml; path = Info.plist; sourceTree = "<group>"; };
		914074812365FB1B00AFF7B3 /* SleepCalculator.mlmodel */ = {isa = PBXFileReference; lastKnownFileType = file.mlmodel; path = SleepCalculator.mlmodel; sourceTree = "<group>"; };
/* End PBXFileReference section */

/* Begin PBXFrameworksBuildPhase section */
		911EE53023622DBD009CDBBF /* Frameworks */ = {
			isa = PBXFrameworksBuildPhase;
			buildActionMask = 2147483647;
			files = (
			);
			runOnlyForDeploymentPostprocessing = 0;
		};
/* End PBXFrameworksBuildPhase section */

/* Begin PBXGroup section */
		911EE52A23622DBD009CDBBF = {
			isa = PBXGroup;
			children = (
				911EE53523622DBD009CDBBF /* Day 26-28 BetterRest */,
				911EE53423622DBD009CDBBF /* Products */,
			);
			sourceTree = "<group>";
		};
		911EE53423622DBD009CDBBF /* Products */ = {
			isa = PBXGroup;
			children = (
				911EE53323622DBD009CDBBF /* Day 26-28 BetterRest.app */,
			);
			name = Products;
			sourceTree = "<group>";
		};
		911EE53523622DBD009CDBBF /* Day 26-28 BetterRest */ = {
			isa = PBXGroup;
			children = (
				914074812365FB1B00AFF7B3 /* SleepCalculator.mlmodel */,
				911EE53623622DBD009CDBBF /* AppDelegate.swift */,
				911EE53823622DBD009CDBBF /* SceneDelegate.swift */,
				911EE53A23622DBD009CDBBF /* ContentView.swift */,
				911EE53C23622DBF009CDBBF /* Assets.xcassets */,
				911EE54123622DBF009CDBBF /* LaunchScreen.storyboard */,
				911EE54423622DBF009CDBBF /* Info.plist */,
				911EE53E23622DBF009CDBBF /* Preview Content */,
			);
			path = "Day 26-28 BetterRest";
			sourceTree = "<group>";
		};
		911EE53E23622DBF009CDBBF /* Preview Content */ = {
			isa = PBXGroup;
			children = (
				911EE53F23622DBF009CDBBF /* Preview Assets.xcassets */,
			);
			path = "Preview Content";
			sourceTree = "<group>";
		};
/* End PBXGroup section */

/* Begin PBXNativeTarget section */
		911EE53223622DBD009CDBBF /* Day 26-28 BetterRest */ = {
			isa = PBXNativeTarget;
			buildConfigurationList = 911EE54723622DBF009CDBBF /* Build configuration list for PBXNativeTarget "Day 26-28 BetterRest" */;
			buildPhases = (
				911EE52F23622DBD009CDBBF /* Sources */,
				911EE53023622DBD009CDBBF /* Frameworks */,
				911EE53123622DBD009CDBBF /* Resources */,
			);
			buildRules = (
			);
			dependencies = (
			);
			name = "Day 26-28 BetterRest";
			productName = "Day 26-28 BetterRest";
			productReference = 911EE53323622DBD009CDBBF /* Day 26-28 BetterRest.app */;
			productType = "com.apple.product-type.application";
		};
/* End PBXNativeTarget section */

/* Begin PBXProject section */
		911EE52B23622DBD009CDBBF /* Project object */ = {
			isa = PBXProject;
			attributes = {
				LastSwiftUpdateCheck = 1110;
				LastUpgradeCheck = 1110;
				ORGANIZATIONNAME = "Gienadij Mackiewicz";
				TargetAttributes = {
					911EE53223622DBD009CDBBF = {
						CreatedOnToolsVersion = 11.1;
					};
				};
			};
			buildConfigurationList = 911EE52E23622DBD009CDBBF /* Build configuration list for PBXProject "Day 26-28 BetterRest" */;
			compatibilityVersion = "Xcode 9.3";
			developmentRegion = en;
			hasScannedForEncodings = 0;
			knownRegions = (
				en,
				Base,
			);
			mainGroup = 911EE52A23622DBD009CDBBF;
			productRefGroup = 911EE53423622DBD009CDBBF /* Products */;
			projectDirPath = "";
			projectRoot = "";
			targets = (
				911EE53223622DBD009CDBBF /* Day 26-28 BetterRest */,
			);
		};
/* End PBXProject section */

/* Begin PBXResourcesBuildPhase section */
		911EE53123622DBD009CDBBF /* Resources */ = {
			isa = PBXResourcesBuildPhase;
			buildActionMask = 2147483647;
			files = (
				911EE54323622DBF009CDBBF /* LaunchScreen.storyboard in Resources */,
				911EE54023622DBF009CDBBF /* Preview Assets.xcassets in Resources */,
				911EE53D23622DBF009CDBBF /* Assets.xcassets in Resources */,
			);
			runOnlyForDeploymentPostprocessing = 0;
		};
/* End PBXResourcesBuildPhase section */

/* Begin PBXSourcesBuildPhase section */
		911EE52F23622DBD009CDBBF /* Sources */ = {
			isa = PBXSourcesBuildPhase;
			buildActionMask = 2147483647;
			files = (
				911EE53723622DBD009CDBBF /* AppDelegate.swift in Sources */,
				914074822365FB1C00AFF7B3 /* SleepCalculator.mlmodel in Sources */,
				911EE53923622DBD009CDBBF /* SceneDelegate.swift in Sources */,
				911EE53B23622DBD009CDBBF /* ContentView.swift in Sources */,
			);
			runOnlyForDeploymentPostprocessing = 0;
		};
/* End PBXSourcesBuildPhase section */

/* Begin PBXVariantGroup section */
		911EE54123622DBF009CDBBF /* LaunchScreen.storyboard */ = {
			isa = PBXVariantGroup;
			children = (
				911EE54223622DBF009CDBBF /* Base */,
			);
			name = LaunchScreen.storyboard;
			sourceTree = "<group>";
		};
/* End PBXVariantGroup section */

/* Begin XCBuildConfiguration section */
		911EE54523622DBF009CDBBF /* Debug */ = {
			isa = XCBuildConfiguration;
			buildSettings = {
				ALWAYS_SEARCH_USER_PATHS = NO;
				CLANG_ANALYZER_NONNULL = YES;
				CLANG_ANALYZER_NUMBER_OBJECT_CONVERSION = YES_AGGRESSIVE;
				CLANG_CXX_LANGUAGE_STANDARD = "gnu++14";
				CLANG_CXX_LIBRARY = "libc++";
				CLANG_ENABLE_MODULES = YES;
				CLANG_ENABLE_OBJC_ARC = YES;
				CLANG_ENABLE_OBJC_WEAK = YES;
				CLANG_WARN_BLOCK_CAPTURE_AUTORELEASING = YES;
				CLANG_WARN_BOOL_CONVERSION = YES;
				CLANG_WARN_COMMA = YES;
				CLANG_WARN_CONSTANT_CONVERSION = YES;
				CLANG_WARN_DEPRECATED_OBJC_IMPLEMENTATIONS = YES;
				CLANG_WARN_DIRECT_OBJC_ISA_USAGE = YES_ERROR;
				CLANG_WARN_DOCUMENTATION_COMMENTS = YES;
				CLANG_WARN_EMPTY_BODY = YES;
				CLANG_WARN_ENUM_CONVERSION = YES;
				CLANG_WARN_INFINITE_RECURSION = YES;
				CLANG_WARN_INT_CONVERSION = YES;
				CLANG_WARN_NON_LITERAL_NULL_CONVERSION = YES;
				CLANG_WARN_OBJC_IMPLICIT_RETAIN_SELF = YES;
				CLANG_WARN_OBJC_LITERAL_CONVERSION = YES;
				CLANG_WARN_OBJC_ROOT_CLASS = YES_ERROR;
				CLANG_WARN_RANGE_LOOP_ANALYSIS = YES;
				CLANG_WARN_STRICT_PROTOTYPES = YES;
				CLANG_WARN_SUSPICIOUS_MOVE = YES;
				CLANG_WARN_UNGUARDED_AVAILABILITY = YES_AGGRESSIVE;
				CLANG_WARN_UNREACHABLE_CODE = YES;
				CLANG_WARN__DUPLICATE_METHOD_MATCH = YES;
				COPY_PHASE_STRIP = NO;
				DEBUG_INFORMATION_FORMAT = dwarf;
				ENABLE_STRICT_OBJC_MSGSEND = YES;
				ENABLE_TESTABILITY = YES;
				GCC_C_LANGUAGE_STANDARD = gnu11;
				GCC_DYNAMIC_NO_PIC = NO;
				GCC_NO_COMMON_BLOCKS = YES;
				GCC_OPTIMIZATION_LEVEL = 0;
				GCC_PREPROCESSOR_DEFINITIONS = (
					"DEBUG=1",
					"$(inherited)",
				);
				GCC_WARN_64_TO_32_BIT_CONVERSION = YES;
				GCC_WARN_ABOUT_RETURN_TYPE = YES_ERROR;
				GCC_WARN_UNDECLARED_SELECTOR = YES;
				GCC_WARN_UNINITIALIZED_AUTOS = YES_AGGRESSIVE;
				GCC_WARN_UNUSED_FUNCTION = YES;
				GCC_WARN_UNUSED_VARIABLE = YES;
				IPHONEOS_DEPLOYMENT_TARGET = 13.1;
				MTL_ENABLE_DEBUG_INFO = INCLUDE_SOURCE;
				MTL_FAST_MATH = YES;
				ONLY_ACTIVE_ARCH = YES;
				SDKROOT = iphoneos;
				SWIFT_ACTIVE_COMPILATION_CONDITIONS = DEBUG;
				SWIFT_OPTIMIZATION_LEVEL = "-Onone";
			};
			name = Debug;
		};
		911EE54623622DBF009CDBBF /* Release */ = {
			isa = XCBuildConfiguration;
			buildSettings = {
				ALWAYS_SEARCH_USER_PATHS = NO;
				CLANG_ANALYZER_NONNULL = YES;
				CLANG_ANALYZER_NUMBER_OBJECT_CONVERSION = YES_AGGRESSIVE;
				CLANG_CXX_LANGUAGE_STANDARD = "gnu++14";
				CLANG_CXX_LIBRARY = "libc++";
				CLANG_ENABLE_MODULES = YES;
				CLANG_ENABLE_OBJC_ARC = YES;
				CLANG_ENABLE_OBJC_WEAK = YES;
				CLANG_WARN_BLOCK_CAPTURE_AUTORELEASING = YES;
				CLANG_WARN_BOOL_CONVERSION = YES;
				CLANG_WARN_COMMA = YES;
				CLANG_WARN_CONSTANT_CONVERSION = YES;
				CLANG_WARN_DEPRECATED_OBJC_IMPLEMENTATIONS = YES;
				CLANG_WARN_DIRECT_OBJC_ISA_USAGE = YES_ERROR;
				CLANG_WARN_DOCUMENTATION_COMMENTS = YES;
				CLANG_WARN_EMPTY_BODY = YES;
				CLANG_WARN_ENUM_CONVERSION = YES;
				CLANG_WARN_INFINITE_RECURSION = YES;
				CLANG_WARN_INT_CONVERSION = YES;
				CLANG_WARN_NON_LITERAL_NULL_CONVERSION = YES;
				CLANG_WARN_OBJC_IMPLICIT_RETAIN_SELF = YES;
				CLANG_WARN_OBJC_LITERAL_CONVERSION = YES;
				CLANG_WARN_OBJC_ROOT_CLASS = YES_ERROR;
				CLANG_WARN_RANGE_LOOP_ANALYSIS = YES;
				CLANG_WARN_STRICT_PROTOTYPES = YES;
				CLANG_WARN_SUSPICIOUS_MOVE = YES;
				CLANG_WARN_UNGUARDED_AVAILABILITY = YES_AGGRESSIVE;
				CLANG_WARN_UNREACHABLE_CODE = YES;
				CLANG_WARN__DUPLICATE_METHOD_MATCH = YES;
				COPY_PHASE_STRIP = NO;
				DEBUG_INFORMATION_FORMAT = "dwarf-with-dsym";
				ENABLE_NS_ASSERTIONS = NO;
				ENABLE_STRICT_OBJC_MSGSEND = YES;
				GCC_C_LANGUAGE_STANDARD = gnu11;
				GCC_NO_COMMON_BLOCKS = YES;
				GCC_WARN_64_TO_32_BIT_CONVERSION = YES;
				GCC_WARN_ABOUT_RETURN_TYPE = YES_ERROR;
				GCC_WARN_UNDECLARED_SELECTOR = YES;
				GCC_WARN_UNINITIALIZED_AUTOS = YES_AGGRESSIVE;
				GCC_WARN_UNUSED_FUNCTION = YES;
				GCC_WARN_UNUSED_VARIABLE = YES;
				IPHONEOS_DEPLOYMENT_TARGET = 13.1;
				MTL_ENABLE_DEBUG_INFO = NO;
				MTL_FAST_MATH = YES;
				SDKROOT = iphoneos;
				SWIFT_COMPILATION_MODE = wholemodule;
				SWIFT_OPTIMIZATION_LEVEL = "-O";
				VALIDATE_PRODUCT = YES;
			};
			name = Release;
		};
		911EE54823622DBF009CDBBF /* Debug */ = {
			isa = XCBuildConfiguration;
			buildSettings = {
				ASSETCATALOG_COMPILER_APPICON_NAME = AppIcon;
				CODE_SIGN_STYLE = Automatic;
				DEVELOPMENT_ASSET_PATHS = "\"Day 26-28 BetterRest/Preview Content\"";
				ENABLE_PREVIEWS = YES;
				INFOPLIST_FILE = "Day 26-28 BetterRest/Info.plist";
				LD_RUNPATH_SEARCH_PATHS = (
					"$(inherited)",
					"@executable_path/Frameworks",
				);
				PRODUCT_BUNDLE_IDENTIFIER = "me.mackiewicz.gienadij.Day-26-28-BetterRest";
				PRODUCT_NAME = "$(TARGET_NAME)";
				SWIFT_VERSION = 5.0;
				TARGETED_DEVICE_FAMILY = "1,2";
			};
			name = Debug;
		};
		911EE54923622DBF009CDBBF /* Release */ = {
			isa = XCBuildConfiguration;
			buildSettings = {
				ASSETCATALOG_COMPILER_APPICON_NAME = AppIcon;
				CODE_SIGN_STYLE = Automatic;
				DEVELOPMENT_ASSET_PATHS = "\"Day 26-28 BetterRest/Preview Content\"";
				ENABLE_PREVIEWS = YES;
				INFOPLIST_FILE = "Day 26-28 BetterRest/Info.plist";
				LD_RUNPATH_SEARCH_PATHS = (
					"$(inherited)",
					"@executable_path/Frameworks",
				);
				PRODUCT_BUNDLE_IDENTIFIER = "me.mackiewicz.gienadij.Day-26-28-BetterRest";
				PRODUCT_NAME = "$(TARGET_NAME)";
				SWIFT_VERSION = 5.0;
				TARGETED_DEVICE_FAMILY = "1,2";
			};
			name = Release;
		};
/* End XCBuildConfiguration section */

/* Begin XCConfigurationList section */
		911EE52E23622DBD009CDBBF /* Build configuration list for PBXProject "Day 26-28 BetterRest" */ = {
			isa = XCConfigurationList;
			buildConfigurations = (
				911EE54523622DBF009CDBBF /* Debug */,
				911EE54623622DBF009CDBBF /* Release */,
			);
			defaultConfigurationIsVisible = 0;
			defaultConfigurationName = Release;
		};
		911EE54723622DBF009CDBBF /* Build configuration list for PBXNativeTarget "Day 26-28 BetterRest" */ = {
			isa = XCConfigurationList;
			buildConfigurations = (
				911EE54823622DBF009CDBBF /* Debug */,
				911EE54923622DBF009CDBBF /* Release */,
			);
			defaultConfigurationIsVisible = 0;
			defaultConfigurationName = Release;
		};
/* End XCConfigurationList section */
	};
	rootObject = 911EE52B23622DBD009CDBBF /* Project object */;
}
