// !$*UTF8*$!
{
	archiveVersion = 1;
	classes = {
	};
	objectVersion = 50;
	objects = {

/* Begin PBXBuildFile section */
		917729ED236E035E008CE83A /* AppDelegate.swift in Sources */ = {isa = PBXBuildFile; fileRef = 917729EC236E035E008CE83A /* AppDelegate.swift */; };
		917729EF236E035E008CE83A /* SceneDelegate.swift in Sources */ = {isa = PBXBuildFile; fileRef = 917729EE236E035E008CE83A /* SceneDelegate.swift */; };
		917729F1236E035E008CE83A /* ContentView.swift in Sources */ = {isa = PBXBuildFile; fileRef = 917729F0236E035E008CE83A /* ContentView.swift */; };
		917729F3236E0360008CE83A /* Assets.xcassets in Resources */ = {isa = PBXBuildFile; fileRef = 917729F2236E0360008CE83A /* Assets.xcassets */; };
		917729F6236E0360008CE83A /* Preview Assets.xcassets in Resources */ = {isa = PBXBuildFile; fileRef = 917729F5236E0360008CE83A /* Preview Assets.xcassets */; };
		917729F9236E0360008CE83A /* LaunchScreen.storyboard in Resources */ = {isa = PBXBuildFile; fileRef = 917729F7236E0360008CE83A /* LaunchScreen.storyboard */; };
		91772A01236E1A10008CE83A /* start.txt in Resources */ = {isa = PBXBuildFile; fileRef = 91772A00236E1A10008CE83A /* start.txt */; };
/* End PBXBuildFile section */

/* Begin PBXFileReference section */
		917729E9236E035E008CE83A /* Day 29-31 WordScramble.app */ = {isa = PBXFileReference; explicitFileType = wrapper.application; includeInIndex = 0; path = "Day 29-31 WordScramble.app"; sourceTree = BUILT_PRODUCTS_DIR; };
		917729EC236E035E008CE83A /* AppDelegate.swift */ = {isa = PBXFileReference; lastKnownFileType = sourcecode.swift; path = AppDelegate.swift; sourceTree = "<group>"; };
		917729EE236E035E008CE83A /* SceneDelegate.swift */ = {isa = PBXFileReference; lastKnownFileType = sourcecode.swift; path = SceneDelegate.swift; sourceTree = "<group>"; };
		917729F0236E035E008CE83A /* ContentView.swift */ = {isa = PBXFileReference; lastKnownFileType = sourcecode.swift; path = ContentView.swift; sourceTree = "<group>"; };
		917729F2236E0360008CE83A /* Assets.xcassets */ = {isa = PBXFileReference; lastKnownFileType = folder.assetcatalog; path = Assets.xcassets; sourceTree = "<group>"; };
		917729F5236E0360008CE83A /* Preview Assets.xcassets */ = {isa = PBXFileReference; lastKnownFileType = folder.assetcatalog; path = "Preview Assets.xcassets"; sourceTree = "<group>"; };
		917729F8236E0360008CE83A /* Base */ = {isa = PBXFileReference; lastKnownFileType = file.storyboard; name = Base; path = Base.lproj/LaunchScreen.storyboard; sourceTree = "<group>"; };
		917729FA236E0360008CE83A /* Info.plist */ = {isa = PBXFileReference; lastKnownFileType = text.plist.xml; path = Info.plist; sourceTree = "<group>"; };
		91772A00236E1A10008CE83A /* start.txt */ = {isa = PBXFileReference; fileEncoding = 4; lastKnownFileType = text; path = start.txt; sourceTree = "<group>"; };
/* End PBXFileReference section */

/* Begin PBXFrameworksBuildPhase section */
		917729E6236E035E008CE83A /* Frameworks */ = {
			isa = PBXFrameworksBuildPhase;
			buildActionMask = 2147483647;
			files = (
			);
			runOnlyForDeploymentPostprocessing = 0;
		};
/* End PBXFrameworksBuildPhase section */

/* Begin PBXGroup section */
		917729E0236E035E008CE83A = {
			isa = PBXGroup;
			children = (
				917729EB236E035E008CE83A /* Day 29-31 WordScramble */,
				917729EA236E035E008CE83A /* Products */,
			);
			sourceTree = "<group>";
		};
		917729EA236E035E008CE83A /* Products */ = {
			isa = PBXGroup;
			children = (
				917729E9236E035E008CE83A /* Day 29-31 WordScramble.app */,
			);
			name = Products;
			sourceTree = "<group>";
		};
		917729EB236E035E008CE83A /* Day 29-31 WordScramble */ = {
			isa = PBXGroup;
			children = (
				917729EC236E035E008CE83A /* AppDelegate.swift */,
				917729EE236E035E008CE83A /* SceneDelegate.swift */,
				917729F0236E035E008CE83A /* ContentView.swift */,
				91772A00236E1A10008CE83A /* start.txt */,
				917729F2236E0360008CE83A /* Assets.xcassets */,
				917729F7236E0360008CE83A /* LaunchScreen.storyboard */,
				917729FA236E0360008CE83A /* Info.plist */,
				917729F4236E0360008CE83A /* Preview Content */,
			);
			path = "Day 29-31 WordScramble";
			sourceTree = "<group>";
		};
		917729F4236E0360008CE83A /* Preview Content */ = {
			isa = PBXGroup;
			children = (
				917729F5236E0360008CE83A /* Preview Assets.xcassets */,
			);
			path = "Preview Content";
			sourceTree = "<group>";
		};
/* End PBXGroup section */

/* Begin PBXNativeTarget section */
		917729E8236E035E008CE83A /* Day 29-31 WordScramble */ = {
			isa = PBXNativeTarget;
			buildConfigurationList = 917729FD236E0360008CE83A /* Build configuration list for PBXNativeTarget "Day 29-31 WordScramble" */;
			buildPhases = (
				917729E5236E035E008CE83A /* Sources */,
				917729E6236E035E008CE83A /* Frameworks */,
				917729E7236E035E008CE83A /* Resources */,
			);
			buildRules = (
			);
			dependencies = (
			);
			name = "Day 29-31 WordScramble";
			productName = "Day 29-31 WordScramble";
			productReference = 917729E9236E035E008CE83A /* Day 29-31 WordScramble.app */;
			productType = "com.apple.product-type.application";
		};
/* End PBXNativeTarget section */

/* Begin PBXProject section */
		917729E1236E035E008CE83A /* Project object */ = {
			isa = PBXProject;
			attributes = {
				LastSwiftUpdateCheck = 1120;
				LastUpgradeCheck = 1120;
				ORGANIZATIONNAME = "Gienadij Mackiewicz";
				TargetAttributes = {
					917729E8236E035E008CE83A = {
						CreatedOnToolsVersion = 11.2;
					};
				};
			};
			buildConfigurationList = 917729E4236E035E008CE83A /* Build configuration list for PBXProject "Day 29-31 WordScramble" */;
			compatibilityVersion = "Xcode 9.3";
			developmentRegion = en;
			hasScannedForEncodings = 0;
			knownRegions = (
				en,
				Base,
			);
			mainGroup = 917729E0236E035E008CE83A;
			productRefGroup = 917729EA236E035E008CE83A /* Products */;
			projectDirPath = "";
			projectRoot = "";
			targets = (
				917729E8236E035E008CE83A /* Day 29-31 WordScramble */,
			);
		};
/* End PBXProject section */

/* Begin PBXResourcesBuildPhase section */
		917729E7236E035E008CE83A /* Resources */ = {
			isa = PBXResourcesBuildPhase;
			buildActionMask = 2147483647;
			files = (
				917729F9236E0360008CE83A /* LaunchScreen.storyboard in Resources */,
				91772A01236E1A10008CE83A /* start.txt in Resources */,
				917729F6236E0360008CE83A /* Preview Assets.xcassets in Resources */,
				917729F3236E0360008CE83A /* Assets.xcassets in Resources */,
			);
			runOnlyForDeploymentPostprocessing = 0;
		};
/* End PBXResourcesBuildPhase section */

/* Begin PBXSourcesBuildPhase section */
		917729E5236E035E008CE83A /* Sources */ = {
			isa = PBXSourcesBuildPhase;
			buildActionMask = 2147483647;
			files = (
				917729ED236E035E008CE83A /* AppDelegate.swift in Sources */,
				917729EF236E035E008CE83A /* SceneDelegate.swift in Sources */,
				917729F1236E035E008CE83A /* ContentView.swift in Sources */,
			);
			runOnlyForDeploymentPostprocessing = 0;
		};
/* End PBXSourcesBuildPhase section */

/* Begin PBXVariantGroup section */
		917729F7236E0360008CE83A /* LaunchScreen.storyboard */ = {
			isa = PBXVariantGroup;
			children = (
				917729F8236E0360008CE83A /* Base */,
			);
			name = LaunchScreen.storyboard;
			sourceTree = "<group>";
		};
/* End PBXVariantGroup section */

/* Begin XCBuildConfiguration section */
		917729FB236E0360008CE83A /* Debug */ = {
			isa = XCBuildConfiguration;
			buildSettings = {
				ALWAYS_SEARCH_USER_PATHS = NO;
				CLANG_ANALYZER_NONNULL = YES;
				CLANG_ANALYZER_NUMBER_OBJECT_CONVERSION = YES_AGGRESSIVE;
				CLANG_CXX_LANGUAGE_STANDARD = "gnu++14";
				CLANG_CXX_LIBRARY = "libc++";
				CLANG_ENABLE_MODULES = YES;
				CLANG_ENABLE_OBJC_ARC = YES;
				CLANG_ENABLE_OBJC_WEAK = YES;
				CLANG_WARN_BLOCK_CAPTURE_AUTORELEASING = YES;
				CLANG_WARN_BOOL_CONVERSION = YES;
				CLANG_WARN_COMMA = YES;
				CLANG_WARN_CONSTANT_CONVERSION = YES;
				CLANG_WARN_DEPRECATED_OBJC_IMPLEMENTATIONS = YES;
				CLANG_WARN_DIRECT_OBJC_ISA_USAGE = YES_ERROR;
				CLANG_WARN_DOCUMENTATION_COMMENTS = YES;
				CLANG_WARN_EMPTY_BODY = YES;
				CLANG_WARN_ENUM_CONVERSION = YES;
				CLANG_WARN_INFINITE_RECURSION = YES;
				CLANG_WARN_INT_CONVERSION = YES;
				CLANG_WARN_NON_LITERAL_NULL_CONVERSION = YES;
				CLANG_WARN_OBJC_IMPLICIT_RETAIN_SELF = YES;
				CLANG_WARN_OBJC_LITERAL_CONVERSION = YES;
				CLANG_WARN_OBJC_ROOT_CLASS = YES_ERROR;
				CLANG_WARN_RANGE_LOOP_ANALYSIS = YES;
				CLANG_WARN_STRICT_PROTOTYPES = YES;
				CLANG_WARN_SUSPICIOUS_MOVE = YES;
				CLANG_WARN_UNGUARDED_AVAILABILITY = YES_AGGRESSIVE;
				CLANG_WARN_UNREACHABLE_CODE = YES;
				CLANG_WARN__DUPLICATE_METHOD_MATCH = YES;
				COPY_PHASE_STRIP = NO;
				DEBUG_INFORMATION_FORMAT = dwarf;
				ENABLE_STRICT_OBJC_MSGSEND = YES;
				ENABLE_TESTABILITY = YES;
				GCC_C_LANGUAGE_STANDARD = gnu11;
				GCC_DYNAMIC_NO_PIC = NO;
				GCC_NO_COMMON_BLOCKS = YES;
				GCC_OPTIMIZATION_LEVEL = 0;
				GCC_PREPROCESSOR_DEFINITIONS = (
					"DEBUG=1",
					"$(inherited)",
				);
				GCC_WARN_64_TO_32_BIT_CONVERSION = YES;
				GCC_WARN_ABOUT_RETURN_TYPE = YES_ERROR;
				GCC_WARN_UNDECLARED_SELECTOR = YES;
				GCC_WARN_UNINITIALIZED_AUTOS = YES_AGGRESSIVE;
				GCC_WARN_UNUSED_FUNCTION = YES;
				GCC_WARN_UNUSED_VARIABLE = YES;
				IPHONEOS_DEPLOYMENT_TARGET = 13.2;
				MTL_ENABLE_DEBUG_INFO = INCLUDE_SOURCE;
				MTL_FAST_MATH = YES;
				ONLY_ACTIVE_ARCH = YES;
				SDKROOT = iphoneos;
				SWIFT_ACTIVE_COMPILATION_CONDITIONS = DEBUG;
				SWIFT_OPTIMIZATION_LEVEL = "-Onone";
			};
			name = Debug;
		};
		917729FC236E0360008CE83A /* Release */ = {
			isa = XCBuildConfiguration;
			buildSettings = {
				ALWAYS_SEARCH_USER_PATHS = NO;
				CLANG_ANALYZER_NONNULL = YES;
				CLANG_ANALYZER_NUMBER_OBJECT_CONVERSION = YES_AGGRESSIVE;
				CLANG_CXX_LANGUAGE_STANDARD = "gnu++14";
				CLANG_CXX_LIBRARY = "libc++";
				CLANG_ENABLE_MODULES = YES;
				CLANG_ENABLE_OBJC_ARC = YES;
				CLANG_ENABLE_OBJC_WEAK = YES;
				CLANG_WARN_BLOCK_CAPTURE_AUTORELEASING = YES;
				CLANG_WARN_BOOL_CONVERSION = YES;
				CLANG_WARN_COMMA = YES;
				CLANG_WARN_CONSTANT_CONVERSION = YES;
				CLANG_WARN_DEPRECATED_OBJC_IMPLEMENTATIONS = YES;
				CLANG_WARN_DIRECT_OBJC_ISA_USAGE = YES_ERROR;
				CLANG_WARN_DOCUMENTATION_COMMENTS = YES;
				CLANG_WARN_EMPTY_BODY = YES;
				CLANG_WARN_ENUM_CONVERSION = YES;
				CLANG_WARN_INFINITE_RECURSION = YES;
				CLANG_WARN_INT_CONVERSION = YES;
				CLANG_WARN_NON_LITERAL_NULL_CONVERSION = YES;
				CLANG_WARN_OBJC_IMPLICIT_RETAIN_SELF = YES;
				CLANG_WARN_OBJC_LITERAL_CONVERSION = YES;
				CLANG_WARN_OBJC_ROOT_CLASS = YES_ERROR;
				CLANG_WARN_RANGE_LOOP_ANALYSIS = YES;
				CLANG_WARN_STRICT_PROTOTYPES = YES;
				CLANG_WARN_SUSPICIOUS_MOVE = YES;
				CLANG_WARN_UNGUARDED_AVAILABILITY = YES_AGGRESSIVE;
				CLANG_WARN_UNREACHABLE_CODE = YES;
				CLANG_WARN__DUPLICATE_METHOD_MATCH = YES;
				COPY_PHASE_STRIP = NO;
				DEBUG_INFORMATION_FORMAT = "dwarf-with-dsym";
				ENABLE_NS_ASSERTIONS = NO;
				ENABLE_STRICT_OBJC_MSGSEND = YES;
				GCC_C_LANGUAGE_STANDARD = gnu11;
				GCC_NO_COMMON_BLOCKS = YES;
				GCC_WARN_64_TO_32_BIT_CONVERSION = YES;
				GCC_WARN_ABOUT_RETURN_TYPE = YES_ERROR;
				GCC_WARN_UNDECLARED_SELECTOR = YES;
				GCC_WARN_UNINITIALIZED_AUTOS = YES_AGGRESSIVE;
				GCC_WARN_UNUSED_FUNCTION = YES;
				GCC_WARN_UNUSED_VARIABLE = YES;
				IPHONEOS_DEPLOYMENT_TARGET = 13.2;
				MTL_ENABLE_DEBUG_INFO = NO;
				MTL_FAST_MATH = YES;
				SDKROOT = iphoneos;
				SWIFT_COMPILATION_MODE = wholemodule;
				SWIFT_OPTIMIZATION_LEVEL = "-O";
				VALIDATE_PRODUCT = YES;
			};
			name = Release;
		};
		917729FE236E0360008CE83A /* Debug */ = {
			isa = XCBuildConfiguration;
			buildSettings = {
				ASSETCATALOG_COMPILER_APPICON_NAME = AppIcon;
				CODE_SIGN_STYLE = Automatic;
				DEVELOPMENT_ASSET_PATHS = "\"Day 29-31 WordScramble/Preview Content\"";
				ENABLE_PREVIEWS = YES;
				INFOPLIST_FILE = "Day 29-31 WordScramble/Info.plist";
				LD_RUNPATH_SEARCH_PATHS = (
					"$(inherited)",
					"@executable_path/Frameworks",
				);
				PRODUCT_BUNDLE_IDENTIFIER = "me.mackiewicz.gienadij.Day-29-31-WordScramble";
				PRODUCT_NAME = "$(TARGET_NAME)";
				SWIFT_VERSION = 5.0;
				TARGETED_DEVICE_FAMILY = "1,2";
			};
			name = Debug;
		};
		917729FF236E0360008CE83A /* Release */ = {
			isa = XCBuildConfiguration;
			buildSettings = {
				ASSETCATALOG_COMPILER_APPICON_NAME = AppIcon;
				CODE_SIGN_STYLE = Automatic;
				DEVELOPMENT_ASSET_PATHS = "\"Day 29-31 WordScramble/Preview Content\"";
				ENABLE_PREVIEWS = YES;
				INFOPLIST_FILE = "Day 29-31 WordScramble/Info.plist";
				LD_RUNPATH_SEARCH_PATHS = (
					"$(inherited)",
					"@executable_path/Frameworks",
				);
				PRODUCT_BUNDLE_IDENTIFIER = "me.mackiewicz.gienadij.Day-29-31-WordScramble";
				PRODUCT_NAME = "$(TARGET_NAME)";
				SWIFT_VERSION = 5.0;
				TARGETED_DEVICE_FAMILY = "1,2";
			};
			name = Release;
		};
/* End XCBuildConfiguration section */

/* Begin XCConfigurationList section */
		917729E4236E035E008CE83A /* Build configuration list for PBXProject "Day 29-31 WordScramble" */ = {
			isa = XCConfigurationList;
			buildConfigurations = (
				917729FB236E0360008CE83A /* Debug */,
				917729FC236E0360008CE83A /* Release */,
			);
			defaultConfigurationIsVisible = 0;
			defaultConfigurationName = Release;
		};
		917729FD236E0360008CE83A /* Build configuration list for PBXNativeTarget "Day 29-31 WordScramble" */ = {
			isa = XCConfigurationList;
			buildConfigurations = (
				917729FE236E0360008CE83A /* Debug */,
				917729FF236E0360008CE83A /* Release */,
			);
			defaultConfigurationIsVisible = 0;
			defaultConfigurationName = Release;
		};
/* End XCConfigurationList section */
	};
	rootObject = 917729E1236E035E008CE83A /* Project object */;
}
